// !$*UTF8*$!
{
	archiveVersion = 1;
	classes = {
	};
	objectVersion = 56;
	objects = {

/* Begin PBXBuildFile section */

		7B5FDAF32B5EC65500A4EBDE /* NetflixlessApp.swift in Sources */ = {isa = PBXBuildFile; fileRef = 7B5FDAF22B5EC65500A4EBDE /* NetflixlessApp.swift */; };
		7B5FDAF52B5EC65500A4EBDE /* Home.swift in Sources */ = {isa = PBXBuildFile; fileRef = 7B5FDAF42B5EC65500A4EBDE /* Home.swift */; };
		7B5FDAF72B5EC65800A4EBDE /* Assets.xcassets in Resources */ = {isa = PBXBuildFile; fileRef = 7B5FDAF62B5EC65800A4EBDE /* Assets.xcassets */; };
		7B5FDAFA2B5EC65800A4EBDE /* Preview Assets.xcassets in Resources */ = {isa = PBXBuildFile; fileRef = 7B5FDAF92B5EC65800A4EBDE /* Preview Assets.xcassets */; };

/* End PBXBuildFile section */

/* Begin PBXContainerItemProxy section */
		7B5FDB002B5EC65900A4EBDE /* PBXContainerItemProxy */ = {
			isa = PBXContainerItemProxy;
			containerPortal = 7B5FDAE72B5EC65500A4EBDE /* Project object */;
			proxyType = 1;
			remoteGlobalIDString = 7B5FDAEE2B5EC65500A4EBDE;
			remoteInfo = Netflixless;
		};
		7B5FDB0A2B5EC65900A4EBDE /* PBXContainerItemProxy */ = {
			isa = PBXContainerItemProxy;
			containerPortal = 7B5FDAE72B5EC65500A4EBDE /* Project object */;
			proxyType = 1;
			remoteGlobalIDString = 7B5FDAEE2B5EC65500A4EBDE;
			remoteInfo = Netflixless;
		};
/* End PBXContainerItemProxy section */


		7B5FDAEF2B5EC65500A4EBDE /* Netflixless.app */ = {isa = PBXFileReference; explicitFileType = wrapper.application; includeInIndex = 0; path = Netflixless.app; sourceTree = BUILT_PRODUCTS_DIR; };
		7B5FDAF22B5EC65500A4EBDE /* NetflixlessApp.swift */ = {isa = PBXFileReference; lastKnownFileType = sourcecode.swift; path = NetflixlessApp.swift; sourceTree = "<group>"; };
		7B5FDAF42B5EC65500A4EBDE /* Home.swift */ = {isa = PBXFileReference; lastKnownFileType = sourcecode.swift; path = Home.swift; sourceTree = "<group>"; };
		7B5FDAF62B5EC65800A4EBDE /* Assets.xcassets */ = {isa = PBXFileReference; lastKnownFileType = folder.assetcatalog; path = Assets.xcassets; sourceTree = "<group>"; };
		7B5FDAF92B5EC65800A4EBDE /* Preview Assets.xcassets */ = {isa = PBXFileReference; lastKnownFileType = folder.assetcatalog; path = "Preview Assets.xcassets"; sourceTree = "<group>"; };
		7B5FDAFF2B5EC65900A4EBDE /* NetflixlessTests.xctest */ = {isa = PBXFileReference; explicitFileType = wrapper.cfbundle; includeInIndex = 0; path = NetflixlessTests.xctest; sourceTree = BUILT_PRODUCTS_DIR; };
		7B5FDB092B5EC65900A4EBDE /* NetflixlessUITests.xctest */ = {isa = PBXFileReference; explicitFileType = wrapper.cfbundle; includeInIndex = 0; path = NetflixlessUITests.xctest; sourceTree = BUILT_PRODUCTS_DIR; };

/* End PBXFileReference section */

/* Begin PBXFrameworksBuildPhase section */
		7B5FDAEC2B5EC65500A4EBDE /* Frameworks */ = {
			isa = PBXFrameworksBuildPhase;
			buildActionMask = 2147483647;
			files = (
				7B90C38F2B7CC331005ECFE3 /* FirebaseDatabase in Frameworks */,
				7B90C3962B7EC158005ECFE3 /* NukeUI in Frameworks */,
				7BC191EC2B7A9878008AC4C1 /* FirebaseAuth in Frameworks */,
				7BC191EF2B7A9946008AC4C1 /* FirebaseFirestore in Frameworks */,
				7BC191F32B7A99AF008AC4C1 /* FirebaseStorage in Frameworks */,
				7BC191F12B7A9951008AC4C1 /* FirebaseFirestoreSwift in Frameworks */,
			);
			runOnlyForDeploymentPostprocessing = 0;
		};
		7B5FDAFC2B5EC65900A4EBDE /* Frameworks */ = {
			isa = PBXFrameworksBuildPhase;
			buildActionMask = 2147483647;
			files = (
			);
			runOnlyForDeploymentPostprocessing = 0;
		};
		7B5FDB062B5EC65900A4EBDE /* Frameworks */ = {
			isa = PBXFrameworksBuildPhase;
			buildActionMask = 2147483647;
			files = (
			);
			runOnlyForDeploymentPostprocessing = 0;
		};
/* End PBXFrameworksBuildPhase section */

/* Begin PBXGroup section */
		7B17EDA82B76B72300D159A4 /* ViewModel */ = {
			isa = PBXGroup;
			children = (
				7B17EDAC2B76B72300D159A4 /* YoutubeViewModel.swift */,
				7B17EDE62B77A2E400D159A4 /* TMDBViewModel.swift */,
				7B34C3D62B79150C006185EB /* SearchViewModel.swift */,
				7B90C3902B7CFE72005ECFE3 /* AuthViewModel.swift */,
				7B90C3922B7E138A005ECFE3 /* UserViewModel.swift */,
			);
			path = ViewModel;
			sourceTree = "<group>";
		};
		7B17EDB32B76B74C00D159A4 /* View */ = {
			isa = PBXGroup;
			children = (
				7B17EDB42B76B74C00D159A4 /* AiringView.swift */,
				7B17EDB52B76B74C00D159A4 /* Component */,
				7B17EDBA2B76B74C00D159A4 /* TMDBDetailView.swift */,
				7B34C3D42B790225006185EB /* FavoritesView.swift */,
				7B34C3D82B7917C6006185EB /* SearchView.swift */,
				7B34C3DA2B793C6B006185EB /* UpcomingView.swift */,
				7B34C3DC2B793C7C006185EB /* HomeView.swift */,
				7B90C37C2B7A9DF6005ECFE3 /* LoginView.swift */,
				7B90C37E2B7AD446005ECFE3 /* MainView.swift */,
				7B90C3802B7AF353005ECFE3 /* ProfileView.swift */,
			);
			path = View;
			sourceTree = "<group>";
		};
		7B17EDB52B76B74C00D159A4 /* Component */ = {
			isa = PBXGroup;
			children = (
				7B17EDB82B76B74C00D159A4 /* SearchBar.swift */,
				7B17EDE82B77C77000D159A4 /* TMDBCard.swift */,
				7BC191E62B794484008AC4C1 /* UpcomingRow.swift */,
			);
			path = Component;
			sourceTree = "<group>";
		};
		7B17EDC12B76B76A00D159A4 /* Model */ = {
			isa = PBXGroup;
			children = (
				7B17EDC82B76B76A00D159A4 /* Youtube.swift */,
				7B17EDD72B76B7A900D159A4 /* User.swift */,
				7B17EDE42B77A00700D159A4 /* TMDBResponse.swift */,
			);
			path = Model;
			sourceTree = "<group>";
		};
		7B5FDAE62B5EC65500A4EBDE = {
			isa = PBXGroup;
			children = (
				7B5FDAF12B5EC65500A4EBDE /* Netflixless */,
				7B5FDAF02B5EC65500A4EBDE /* Products */,
				7BC191ED2B7A9946008AC4C1 /* Frameworks */,
			);
			sourceTree = "<group>";
		};
		7B5FDAF02B5EC65500A4EBDE /* Products */ = {
			isa = PBXGroup;
			children = (
				7B5FDAEF2B5EC65500A4EBDE /* Netflixless.app */,
				7B5FDAFF2B5EC65900A4EBDE /* NetflixlessTests.xctest */,
				7B5FDB092B5EC65900A4EBDE /* NetflixlessUITests.xctest */,
			);
			name = Products;
			sourceTree = "<group>";
		};
		7B5FDAF12B5EC65500A4EBDE /* Netflixless */ = {
			isa = PBXGroup;
			children = (
				7BC191E82B7A97AB008AC4C1 /* GoogleService-Info.plist */,
				7B17EDC12B76B76A00D159A4 /* Model */,
				7B17EDB32B76B74C00D159A4 /* View */,
				7B17EDA82B76B72300D159A4 /* ViewModel */,
				7B5FDAF22B5EC65500A4EBDE /* NetflixlessApp.swift */,
				7B5FDAF42B5EC65500A4EBDE /* Home.swift */,
				7B5FDAF62B5EC65800A4EBDE /* Assets.xcassets */,
				7B5FDAF82B5EC65800A4EBDE /* Preview Content */,
			);
			path = Netflixless;
			sourceTree = "<group>";
		};
		7B5FDAF82B5EC65800A4EBDE /* Preview Content */ = {
			isa = PBXGroup;
			children = (
				7B5FDAF92B5EC65800A4EBDE /* Preview Assets.xcassets */,
			);
			path = "Preview Content";
			sourceTree = "<group>";
		};

			sourceTree = "<group>";
		};
		7BC191ED2B7A9946008AC4C1 /* Frameworks */ = {
			isa = PBXGroup;
			children = (
			);
			name = Frameworks;
			sourceTree = "<group>";
		};
/* End PBXGroup section */

/* Begin PBXNativeTarget section */
		7B5FDAEE2B5EC65500A4EBDE /* Netflixless */ = {
			isa = PBXNativeTarget;
			buildConfigurationList = 7B5FDB132B5EC65900A4EBDE /* Build configuration list for PBXNativeTarget "Netflixless" */;
			buildPhases = (
				7B5FDAEB2B5EC65500A4EBDE /* Sources */,
				7B5FDAEC2B5EC65500A4EBDE /* Frameworks */,
				7B5FDAED2B5EC65500A4EBDE /* Resources */,
			);
			buildRules = (
			);
			dependencies = (
			);
			name = Netflixless;
			packageProductDependencies = (
				7BC191EB2B7A9878008AC4C1 /* FirebaseAuth */,
				7BC191EE2B7A9946008AC4C1 /* FirebaseFirestore */,
				7BC191F02B7A9951008AC4C1 /* FirebaseFirestoreSwift */,
				7BC191F22B7A99AF008AC4C1 /* FirebaseStorage */,
				7B90C38E2B7CC331005ECFE3 /* FirebaseDatabase */,
				7B90C3952B7EC158005ECFE3 /* NukeUI */,
			);
			productName = Netflixless;
			productReference = 7B5FDAEF2B5EC65500A4EBDE /* Netflixless.app */;
			productType = "com.apple.product-type.application";
		};
		7B5FDAFE2B5EC65900A4EBDE /* NetflixlessTests */ = {
			isa = PBXNativeTarget;
			buildConfigurationList = 7B5FDB162B5EC65900A4EBDE /* Build configuration list for PBXNativeTarget "NetflixlessTests" */;
			buildPhases = (
				7B5FDAFB2B5EC65900A4EBDE /* Sources */,
				7B5FDAFC2B5EC65900A4EBDE /* Frameworks */,
				7B5FDAFD2B5EC65900A4EBDE /* Resources */,
			);
			buildRules = (
			);
			dependencies = (
				7B5FDB012B5EC65900A4EBDE /* PBXTargetDependency */,
			);
			name = NetflixlessTests;
			productName = NetflixlessTests;
			productReference = 7B5FDAFF2B5EC65900A4EBDE /* NetflixlessTests.xctest */;
			productType = "com.apple.product-type.bundle.unit-test";
		};
		7B5FDB082B5EC65900A4EBDE /* NetflixlessUITests */ = {
			isa = PBXNativeTarget;
			buildConfigurationList = 7B5FDB192B5EC65900A4EBDE /* Build configuration list for PBXNativeTarget "NetflixlessUITests" */;
			buildPhases = (
				7B5FDB052B5EC65900A4EBDE /* Sources */,
				7B5FDB062B5EC65900A4EBDE /* Frameworks */,
				7B5FDB072B5EC65900A4EBDE /* Resources */,
			);
			buildRules = (
			);
			dependencies = (
				7B5FDB0B2B5EC65900A4EBDE /* PBXTargetDependency */,
			);
			name = NetflixlessUITests;
			productName = NetflixlessUITests;
			productReference = 7B5FDB092B5EC65900A4EBDE /* NetflixlessUITests.xctest */;
			productType = "com.apple.product-type.bundle.ui-testing";
		};
/* End PBXNativeTarget section */

/* Begin PBXProject section */
		7B5FDAE72B5EC65500A4EBDE /* Project object */ = {
			isa = PBXProject;
			attributes = {
				BuildIndependentTargetsInParallel = 1;
				KnownAssetTags = (
					New,
				);
				LastSwiftUpdateCheck = 1520;
				LastUpgradeCheck = 1520;
				TargetAttributes = {
					7B5FDAEE2B5EC65500A4EBDE = {
						CreatedOnToolsVersion = 15.2;
					};
					7B5FDAFE2B5EC65900A4EBDE = {
						CreatedOnToolsVersion = 15.2;
						TestTargetID = 7B5FDAEE2B5EC65500A4EBDE;
					};
					7B5FDB082B5EC65900A4EBDE = {
						CreatedOnToolsVersion = 15.2;
						TestTargetID = 7B5FDAEE2B5EC65500A4EBDE;
					};
				};
			};
			buildConfigurationList = 7B5FDAEA2B5EC65500A4EBDE /* Build configuration list for PBXProject "Netflixless" */;
			compatibilityVersion = "Xcode 14.0";
			developmentRegion = en;
			hasScannedForEncodings = 0;
			knownRegions = (
				en,
				Base,
			);
			mainGroup = 7B5FDAE62B5EC65500A4EBDE;
			packageReferences = (
				7B17EDDB2B76B82500D159A4 /* XCRemoteSwiftPackageReference "Kingfisher" */,
				7BC191EA2B7A9877008AC4C1 /* XCRemoteSwiftPackageReference "firebase-ios-sdk" */,
				7B90C3942B7EC157005ECFE3 /* XCRemoteSwiftPackageReference "Nuke" */,
			);
			productRefGroup = 7B5FDAF02B5EC65500A4EBDE /* Products */;
			projectDirPath = "";
			projectRoot = "";
			targets = (
				7B5FDAEE2B5EC65500A4EBDE /* Netflixless */,
				7B5FDAFE2B5EC65900A4EBDE /* NetflixlessTests */,
				7B5FDB082B5EC65900A4EBDE /* NetflixlessUITests */,
			);
		};
/* End PBXProject section */

/* Begin PBXResourcesBuildPhase section */
		7B5FDAED2B5EC65500A4EBDE /* Resources */ = {
			isa = PBXResourcesBuildPhase;
			buildActionMask = 2147483647;
			files = (
				7B5FDAFA2B5EC65800A4EBDE /* Preview Assets.xcassets in Resources */,
				7B5FDAF72B5EC65800A4EBDE /* Assets.xcassets in Resources */,
				7BC191E92B7A97AB008AC4C1 /* GoogleService-Info.plist in Resources */,
			);
			runOnlyForDeploymentPostprocessing = 0;
		};
		7B5FDAFD2B5EC65900A4EBDE /* Resources */ = {
			isa = PBXResourcesBuildPhase;
			buildActionMask = 2147483647;
			files = (
			);
			runOnlyForDeploymentPostprocessing = 0;
		};
		7B5FDB072B5EC65900A4EBDE /* Resources */ = {
			isa = PBXResourcesBuildPhase;
			buildActionMask = 2147483647;
			files = (
			);
			runOnlyForDeploymentPostprocessing = 0;
		};
/* End PBXResourcesBuildPhase section */

/* Begin PBXSourcesBuildPhase section */
		7B5FDAEB2B5EC65500A4EBDE /* Sources */ = {
			isa = PBXSourcesBuildPhase;
			buildActionMask = 2147483647;
			files = (

			);
			runOnlyForDeploymentPostprocessing = 0;
		};
		7B5FDAFB2B5EC65900A4EBDE /* Sources */ = {
			isa = PBXSourcesBuildPhase;
			buildActionMask = 2147483647;
			files = (
			);
			runOnlyForDeploymentPostprocessing = 0;
		};
		7B5FDB052B5EC65900A4EBDE /* Sources */ = {
			isa = PBXSourcesBuildPhase;
			buildActionMask = 2147483647;
			files = (
			);
			runOnlyForDeploymentPostprocessing = 0;
		};
/* End PBXSourcesBuildPhase section */

/* Begin PBXTargetDependency section */
		7B5FDB012B5EC65900A4EBDE /* PBXTargetDependency */ = {
			isa = PBXTargetDependency;
			target = 7B5FDAEE2B5EC65500A4EBDE /* Netflixless */;
			targetProxy = 7B5FDB002B5EC65900A4EBDE /* PBXContainerItemProxy */;
		};
		7B5FDB0B2B5EC65900A4EBDE /* PBXTargetDependency */ = {
			isa = PBXTargetDependency;
			target = 7B5FDAEE2B5EC65500A4EBDE /* Netflixless */;
			targetProxy = 7B5FDB0A2B5EC65900A4EBDE /* PBXContainerItemProxy */;
		};
/* End PBXTargetDependency section */

/* Begin XCBuildConfiguration section */
		7B5FDB112B5EC65900A4EBDE /* Debug */ = {
			isa = XCBuildConfiguration;
			buildSettings = {
				ALWAYS_SEARCH_USER_PATHS = NO;
				ASSETCATALOG_COMPILER_GENERATE_SWIFT_ASSET_SYMBOL_EXTENSIONS = YES;
				CLANG_ANALYZER_NONNULL = YES;
				CLANG_ANALYZER_NUMBER_OBJECT_CONVERSION = YES_AGGRESSIVE;
				CLANG_CXX_LANGUAGE_STANDARD = "gnu++20";
				CLANG_ENABLE_MODULES = YES;
				CLANG_ENABLE_OBJC_ARC = YES;
				CLANG_ENABLE_OBJC_WEAK = YES;
				CLANG_WARN_BLOCK_CAPTURE_AUTORELEASING = YES;
				CLANG_WARN_BOOL_CONVERSION = YES;
				CLANG_WARN_COMMA = YES;
				CLANG_WARN_CONSTANT_CONVERSION = YES;
				CLANG_WARN_DEPRECATED_OBJC_IMPLEMENTATIONS = YES;
				CLANG_WARN_DIRECT_OBJC_ISA_USAGE = YES_ERROR;
				CLANG_WARN_DOCUMENTATION_COMMENTS = YES;
				CLANG_WARN_EMPTY_BODY = YES;
				CLANG_WARN_ENUM_CONVERSION = YES;
				CLANG_WARN_INFINITE_RECURSION = YES;
				CLANG_WARN_INT_CONVERSION = YES;
				CLANG_WARN_NON_LITERAL_NULL_CONVERSION = YES;
				CLANG_WARN_OBJC_IMPLICIT_RETAIN_SELF = YES;
				CLANG_WARN_OBJC_LITERAL_CONVERSION = YES;
				CLANG_WARN_OBJC_ROOT_CLASS = YES_ERROR;
				CLANG_WARN_QUOTED_INCLUDE_IN_FRAMEWORK_HEADER = YES;
				CLANG_WARN_RANGE_LOOP_ANALYSIS = YES;
				CLANG_WARN_STRICT_PROTOTYPES = YES;
				CLANG_WARN_SUSPICIOUS_MOVE = YES;
				CLANG_WARN_UNGUARDED_AVAILABILITY = YES_AGGRESSIVE;
				CLANG_WARN_UNREACHABLE_CODE = YES;
				CLANG_WARN__DUPLICATE_METHOD_MATCH = YES;
				COPY_PHASE_STRIP = NO;
				DEBUG_INFORMATION_FORMAT = dwarf;
				ENABLE_STRICT_OBJC_MSGSEND = YES;
				ENABLE_TESTABILITY = YES;
				ENABLE_USER_SCRIPT_SANDBOXING = YES;
				GCC_C_LANGUAGE_STANDARD = gnu17;
				GCC_DYNAMIC_NO_PIC = NO;
				GCC_NO_COMMON_BLOCKS = YES;
				GCC_OPTIMIZATION_LEVEL = 0;
				GCC_PREPROCESSOR_DEFINITIONS = (
					"DEBUG=1",
					"$(inherited)",
				);
				GCC_WARN_64_TO_32_BIT_CONVERSION = YES;
				GCC_WARN_ABOUT_RETURN_TYPE = YES_ERROR;
				GCC_WARN_UNDECLARED_SELECTOR = YES;
				GCC_WARN_UNINITIALIZED_AUTOS = YES_AGGRESSIVE;
				GCC_WARN_UNUSED_FUNCTION = YES;
				GCC_WARN_UNUSED_VARIABLE = YES;
				IPHONEOS_DEPLOYMENT_TARGET = 17.0;
				LOCALIZATION_PREFERS_STRING_CATALOGS = YES;
				MTL_ENABLE_DEBUG_INFO = INCLUDE_SOURCE;
				MTL_FAST_MATH = YES;
				ONLY_ACTIVE_ARCH = YES;
				SDKROOT = iphoneos;
				SWIFT_ACTIVE_COMPILATION_CONDITIONS = "DEBUG $(inherited)";
				SWIFT_OPTIMIZATION_LEVEL = "-Onone";
			};
			name = Debug;
		};
		7B5FDB122B5EC65900A4EBDE /* Release */ = {
			isa = XCBuildConfiguration;
			buildSettings = {
				ALWAYS_SEARCH_USER_PATHS = NO;
				ASSETCATALOG_COMPILER_GENERATE_SWIFT_ASSET_SYMBOL_EXTENSIONS = YES;
				CLANG_ANALYZER_NONNULL = YES;
				CLANG_ANALYZER_NUMBER_OBJECT_CONVERSION = YES_AGGRESSIVE;
				CLANG_CXX_LANGUAGE_STANDARD = "gnu++20";
				CLANG_ENABLE_MODULES = YES;
				CLANG_ENABLE_OBJC_ARC = YES;
				CLANG_ENABLE_OBJC_WEAK = YES;
				CLANG_WARN_BLOCK_CAPTURE_AUTORELEASING = YES;
				CLANG_WARN_BOOL_CONVERSION = YES;
				CLANG_WARN_COMMA = YES;
				CLANG_WARN_CONSTANT_CONVERSION = YES;
				CLANG_WARN_DEPRECATED_OBJC_IMPLEMENTATIONS = YES;
				CLANG_WARN_DIRECT_OBJC_ISA_USAGE = YES_ERROR;
				CLANG_WARN_DOCUMENTATION_COMMENTS = YES;
				CLANG_WARN_EMPTY_BODY = YES;
				CLANG_WARN_ENUM_CONVERSION = YES;
				CLANG_WARN_INFINITE_RECURSION = YES;
				CLANG_WARN_INT_CONVERSION = YES;
				CLANG_WARN_NON_LITERAL_NULL_CONVERSION = YES;
				CLANG_WARN_OBJC_IMPLICIT_RETAIN_SELF = YES;
				CLANG_WARN_OBJC_LITERAL_CONVERSION = YES;
				CLANG_WARN_OBJC_ROOT_CLASS = YES_ERROR;
				CLANG_WARN_QUOTED_INCLUDE_IN_FRAMEWORK_HEADER = YES;
				CLANG_WARN_RANGE_LOOP_ANALYSIS = YES;
				CLANG_WARN_STRICT_PROTOTYPES = YES;
				CLANG_WARN_SUSPICIOUS_MOVE = YES;
				CLANG_WARN_UNGUARDED_AVAILABILITY = YES_AGGRESSIVE;
				CLANG_WARN_UNREACHABLE_CODE = YES;
				CLANG_WARN__DUPLICATE_METHOD_MATCH = YES;
				COPY_PHASE_STRIP = NO;
				DEBUG_INFORMATION_FORMAT = "dwarf-with-dsym";
				ENABLE_NS_ASSERTIONS = NO;
				ENABLE_STRICT_OBJC_MSGSEND = YES;
				ENABLE_USER_SCRIPT_SANDBOXING = YES;
				GCC_C_LANGUAGE_STANDARD = gnu17;
				GCC_NO_COMMON_BLOCKS = YES;
				GCC_WARN_64_TO_32_BIT_CONVERSION = YES;
				GCC_WARN_ABOUT_RETURN_TYPE = YES_ERROR;
				GCC_WARN_UNDECLARED_SELECTOR = YES;
				GCC_WARN_UNINITIALIZED_AUTOS = YES_AGGRESSIVE;
				GCC_WARN_UNUSED_FUNCTION = YES;
				GCC_WARN_UNUSED_VARIABLE = YES;
				IPHONEOS_DEPLOYMENT_TARGET = 17.0;
				LOCALIZATION_PREFERS_STRING_CATALOGS = YES;
				MTL_ENABLE_DEBUG_INFO = NO;
				MTL_FAST_MATH = YES;
				SDKROOT = iphoneos;
				SWIFT_COMPILATION_MODE = wholemodule;
				VALIDATE_PRODUCT = YES;
			};
			name = Release;
		};
		7B5FDB142B5EC65900A4EBDE /* Debug */ = {
			isa = XCBuildConfiguration;
			buildSettings = {
				ASSETCATALOG_COMPILER_APPICON_NAME = AppIcon;
				ASSETCATALOG_COMPILER_GLOBAL_ACCENT_COLOR_NAME = AccentColor;
				CODE_SIGN_STYLE = Automatic;
				CURRENT_PROJECT_VERSION = 1;
				DEVELOPMENT_ASSET_PATHS = "\"Netflixless/Preview Content\"";
				DEVELOPMENT_TEAM = AQY5KU7ZSP;
				ENABLE_PREVIEWS = YES;
				GENERATE_INFOPLIST_FILE = YES;
				INFOPLIST_KEY_UIApplicationSceneManifest_Generation = YES;
				INFOPLIST_KEY_UIApplicationSupportsIndirectInputEvents = YES;
				INFOPLIST_KEY_UILaunchScreen_Generation = YES;
				INFOPLIST_KEY_UISupportedInterfaceOrientations_iPad = "UIInterfaceOrientationPortrait UIInterfaceOrientationPortraitUpsideDown UIInterfaceOrientationLandscapeLeft UIInterfaceOrientationLandscapeRight";
				INFOPLIST_KEY_UISupportedInterfaceOrientations_iPhone = "UIInterfaceOrientationPortrait UIInterfaceOrientationLandscapeLeft UIInterfaceOrientationLandscapeRight";
				IPHONEOS_DEPLOYMENT_TARGET = 17.0;
				LD_RUNPATH_SEARCH_PATHS = (
					"$(inherited)",
					"@executable_path/Frameworks",
				);
				MARKETING_VERSION = 1.0;
				PRODUCT_BUNDLE_IDENTIFIER = com.booh.uitest.Netflixless;
				PRODUCT_NAME = "$(TARGET_NAME)";
				SWIFT_EMIT_LOC_STRINGS = YES;
				SWIFT_VERSION = 5.0;
				TARGETED_DEVICE_FAMILY = "1,2";
			};
			name = Debug;
		};
		7B5FDB152B5EC65900A4EBDE /* Release */ = {
			isa = XCBuildConfiguration;
			buildSettings = {
				ASSETCATALOG_COMPILER_APPICON_NAME = AppIcon;
				ASSETCATALOG_COMPILER_GLOBAL_ACCENT_COLOR_NAME = AccentColor;
				CODE_SIGN_STYLE = Automatic;
				CURRENT_PROJECT_VERSION = 1;
				DEVELOPMENT_ASSET_PATHS = "\"Netflixless/Preview Content\"";
				DEVELOPMENT_TEAM = AQY5KU7ZSP;
				ENABLE_PREVIEWS = YES;
				GENERATE_INFOPLIST_FILE = YES;
				INFOPLIST_KEY_UIApplicationSceneManifest_Generation = YES;
				INFOPLIST_KEY_UIApplicationSupportsIndirectInputEvents = YES;
				INFOPLIST_KEY_UILaunchScreen_Generation = YES;
				INFOPLIST_KEY_UISupportedInterfaceOrientations_iPad = "UIInterfaceOrientationPortrait UIInterfaceOrientationPortraitUpsideDown UIInterfaceOrientationLandscapeLeft UIInterfaceOrientationLandscapeRight";
				INFOPLIST_KEY_UISupportedInterfaceOrientations_iPhone = "UIInterfaceOrientationPortrait UIInterfaceOrientationLandscapeLeft UIInterfaceOrientationLandscapeRight";
				IPHONEOS_DEPLOYMENT_TARGET = 17.0;
				LD_RUNPATH_SEARCH_PATHS = (
					"$(inherited)",
					"@executable_path/Frameworks",
				);
				MARKETING_VERSION = 1.0;
				PRODUCT_BUNDLE_IDENTIFIER = com.booh.uitest.Netflixless;
				PRODUCT_NAME = "$(TARGET_NAME)";
				SWIFT_EMIT_LOC_STRINGS = YES;
				SWIFT_VERSION = 5.0;
				TARGETED_DEVICE_FAMILY = "1,2";
			};
			name = Release;
		};
		7B5FDB172B5EC65900A4EBDE /* Debug */ = {
			isa = XCBuildConfiguration;
			buildSettings = {
				ALWAYS_EMBED_SWIFT_STANDARD_LIBRARIES = YES;
				BUNDLE_LOADER = "$(TEST_HOST)";
				CODE_SIGN_STYLE = Automatic;
				CURRENT_PROJECT_VERSION = 1;
				DEVELOPMENT_TEAM = Y542NXVNVY;
				GENERATE_INFOPLIST_FILE = YES;
				IPHONEOS_DEPLOYMENT_TARGET = 17.2;
				MARKETING_VERSION = 1.0;
				PRODUCT_BUNDLE_IDENTIFIER = com.booh.uitest.NetflixlessTests;
				PRODUCT_NAME = "$(TARGET_NAME)";
				SWIFT_EMIT_LOC_STRINGS = NO;
				SWIFT_VERSION = 5.0;
				TARGETED_DEVICE_FAMILY = "1,2";
				TEST_HOST = "$(BUILT_PRODUCTS_DIR)/Netflixless.app/$(BUNDLE_EXECUTABLE_FOLDER_PATH)/Netflixless";
			};
			name = Debug;
		};
		7B5FDB182B5EC65900A4EBDE /* Release */ = {
			isa = XCBuildConfiguration;
			buildSettings = {
				ALWAYS_EMBED_SWIFT_STANDARD_LIBRARIES = YES;
				BUNDLE_LOADER = "$(TEST_HOST)";
				CODE_SIGN_STYLE = Automatic;
				CURRENT_PROJECT_VERSION = 1;
				DEVELOPMENT_TEAM = Y542NXVNVY;
				GENERATE_INFOPLIST_FILE = YES;
				IPHONEOS_DEPLOYMENT_TARGET = 17.2;
				MARKETING_VERSION = 1.0;
				PRODUCT_BUNDLE_IDENTIFIER = com.booh.uitest.NetflixlessTests;
				PRODUCT_NAME = "$(TARGET_NAME)";
				SWIFT_EMIT_LOC_STRINGS = NO;
				SWIFT_VERSION = 5.0;
				TARGETED_DEVICE_FAMILY = "1,2";
				TEST_HOST = "$(BUILT_PRODUCTS_DIR)/Netflixless.app/$(BUNDLE_EXECUTABLE_FOLDER_PATH)/Netflixless";
			};
			name = Release;
		};
		7B5FDB1A2B5EC65900A4EBDE /* Debug */ = {
			isa = XCBuildConfiguration;
			buildSettings = {
				ALWAYS_EMBED_SWIFT_STANDARD_LIBRARIES = YES;
				CODE_SIGN_STYLE = Automatic;
				CURRENT_PROJECT_VERSION = 1;
				DEVELOPMENT_TEAM = Y542NXVNVY;
				GENERATE_INFOPLIST_FILE = YES;
				MARKETING_VERSION = 1.0;
				PRODUCT_BUNDLE_IDENTIFIER = com.booh.uitest.NetflixlessUITests;
				PRODUCT_NAME = "$(TARGET_NAME)";
				SWIFT_EMIT_LOC_STRINGS = NO;
				SWIFT_VERSION = 5.0;
				TARGETED_DEVICE_FAMILY = "1,2";
				TEST_TARGET_NAME = Netflixless;
			};
			name = Debug;
		};
		7B5FDB1B2B5EC65900A4EBDE /* Release */ = {
			isa = XCBuildConfiguration;
			buildSettings = {
				ALWAYS_EMBED_SWIFT_STANDARD_LIBRARIES = YES;
				CODE_SIGN_STYLE = Automatic;
				CURRENT_PROJECT_VERSION = 1;
				DEVELOPMENT_TEAM = Y542NXVNVY;
				GENERATE_INFOPLIST_FILE = YES;
				MARKETING_VERSION = 1.0;
				PRODUCT_BUNDLE_IDENTIFIER = com.booh.uitest.NetflixlessUITests;
				PRODUCT_NAME = "$(TARGET_NAME)";
				SWIFT_EMIT_LOC_STRINGS = NO;
				SWIFT_VERSION = 5.0;
				TARGETED_DEVICE_FAMILY = "1,2";
				TEST_TARGET_NAME = Netflixless;
			};
			name = Release;
		};
/* End XCBuildConfiguration section */

/* Begin XCConfigurationList section */
		7B5FDAEA2B5EC65500A4EBDE /* Build configuration list for PBXProject "Netflixless" */ = {
			isa = XCConfigurationList;
			buildConfigurations = (
				7B5FDB112B5EC65900A4EBDE /* Debug */,
				7B5FDB122B5EC65900A4EBDE /* Release */,
			);
			defaultConfigurationIsVisible = 0;
			defaultConfigurationName = Release;
		};
		7B5FDB132B5EC65900A4EBDE /* Build configuration list for PBXNativeTarget "Netflixless" */ = {
			isa = XCConfigurationList;
			buildConfigurations = (
				7B5FDB142B5EC65900A4EBDE /* Debug */,
				7B5FDB152B5EC65900A4EBDE /* Release */,
			);
			defaultConfigurationIsVisible = 0;
			defaultConfigurationName = Release;
		};
		7B5FDB162B5EC65900A4EBDE /* Build configuration list for PBXNativeTarget "NetflixlessTests" */ = {
			isa = XCConfigurationList;
			buildConfigurations = (
				7B5FDB172B5EC65900A4EBDE /* Debug */,
				7B5FDB182B5EC65900A4EBDE /* Release */,
			);
			defaultConfigurationIsVisible = 0;
			defaultConfigurationName = Release;
		};
		7B5FDB192B5EC65900A4EBDE /* Build configuration list for PBXNativeTarget "NetflixlessUITests" */ = {
			isa = XCConfigurationList;
			buildConfigurations = (
				7B5FDB1A2B5EC65900A4EBDE /* Debug */,
				7B5FDB1B2B5EC65900A4EBDE /* Release */,
			);
			defaultConfigurationIsVisible = 0;
			defaultConfigurationName = Release;
		};
/* End XCConfigurationList section */

/* Begin XCRemoteSwiftPackageReference section */
		7B17EDDB2B76B82500D159A4 /* XCRemoteSwiftPackageReference "Kingfisher" */ = {
			isa = XCRemoteSwiftPackageReference;
			repositoryURL = "https://github.com/onevcat/Kingfisher.git";
			requirement = {
				kind = upToNextMajorVersion;
				minimumVersion = 7.10.2;
			};
		};
		7B90C3942B7EC157005ECFE3 /* XCRemoteSwiftPackageReference "Nuke" */ = {
			isa = XCRemoteSwiftPackageReference;
			repositoryURL = "https://github.com/kean/Nuke.git";
			requirement = {
				kind = upToNextMajorVersion;
				minimumVersion = 12.4.0;
			};
		};
		7BC191EA2B7A9877008AC4C1 /* XCRemoteSwiftPackageReference "firebase-ios-sdk" */ = {
			isa = XCRemoteSwiftPackageReference;
			repositoryURL = "https://github.com/firebase/firebase-ios-sdk";
			requirement = {
				kind = upToNextMajorVersion;
				minimumVersion = 10.21.0;
			};
		};
/* End XCRemoteSwiftPackageReference section */

/* Begin XCSwiftPackageProductDependency section */
		7B90C38E2B7CC331005ECFE3 /* FirebaseDatabase */ = {
			isa = XCSwiftPackageProductDependency;
			package = 7BC191EA2B7A9877008AC4C1 /* XCRemoteSwiftPackageReference "firebase-ios-sdk" */;
			productName = FirebaseDatabase;
		};
		7B90C3952B7EC158005ECFE3 /* NukeUI */ = {
			isa = XCSwiftPackageProductDependency;
			package = 7B90C3942B7EC157005ECFE3 /* XCRemoteSwiftPackageReference "Nuke" */;
			productName = NukeUI;
		};
		7BC191EB2B7A9878008AC4C1 /* FirebaseAuth */ = {
			isa = XCSwiftPackageProductDependency;
			package = 7BC191EA2B7A9877008AC4C1 /* XCRemoteSwiftPackageReference "firebase-ios-sdk" */;
			productName = FirebaseAuth;
		};
		7BC191EE2B7A9946008AC4C1 /* FirebaseFirestore */ = {
			isa = XCSwiftPackageProductDependency;
			package = 7BC191EA2B7A9877008AC4C1 /* XCRemoteSwiftPackageReference "firebase-ios-sdk" */;
			productName = FirebaseFirestore;
		};
		7BC191F02B7A9951008AC4C1 /* FirebaseFirestoreSwift */ = {
			isa = XCSwiftPackageProductDependency;
			package = 7BC191EA2B7A9877008AC4C1 /* XCRemoteSwiftPackageReference "firebase-ios-sdk" */;
			productName = FirebaseFirestoreSwift;
		};
		7BC191F22B7A99AF008AC4C1 /* FirebaseStorage */ = {
			isa = XCSwiftPackageProductDependency;
			package = 7BC191EA2B7A9877008AC4C1 /* XCRemoteSwiftPackageReference "firebase-ios-sdk" */;
			productName = FirebaseStorage;
		};
/* End XCSwiftPackageProductDependency section */
	};
	rootObject = 7B5FDAE72B5EC65500A4EBDE /* Project object */;
}
